# This file is automatically @generated by Cargo.
# It is not intended for manual editing.
[[package]]
name = "libtool"
version = "0.1.1"
source = "registry+https://github.com/rust-lang/crates.io-index"

[[package]]
name = "virtblocks"
version = "0.1.0"
dependencies = [
 "libtool 0.1.1 (registry+https://github.com/rust-lang/crates.io-index)",
]

[metadata]
"checksum libtool 0.1.1 (registry+https://github.com/rust-lang/crates.io-index)" = "f576520ad5e2848b26568964320a4073984db2a11147ac4f9c2fc7be1f93b8d2"
